
Microsoft Visual Studio Solution File, Format Version 12.00
# Visual Studio Version 17
VisualStudioVersion = 17.5.33627.172
MinimumVisualStudioVersion = 10.0.40219.1
Project("{2150E333-8FDC-42A3-9474-1A3956D46DE8}") = "Application", "Application", "{013993B1-D103-48CB-B2DA-93EEC613AFB4}"
EndProject
Project("{2150E333-8FDC-42A3-9474-1A3956D46DE8}") = "Infrastructure", "Infrastructure", "{E2159865-B92F-4875-B879-CE3899A80A26}"
EndProject
Project("{2150E333-8FDC-42A3-9474-1A3956D46DE8}") = "Persistence", "Persistence", "{A2679FD8-B0FD-4BAD-8E0B-E6930D80F313}"
EndProject
Project("{2150E333-8FDC-42A3-9474-1A3956D46DE8}") = "Shared", "Shared", "{31272035-3A77-463C-8480-6BBA2967F217}"
EndProject
Project("{2150E333-8FDC-42A3-9474-1A3956D46DE8}") = "Web", "Web", "{BCB1007B-46D3-4239-BF11-6BA6403C213A}"
EndProject
Project("{2150E333-8FDC-42A3-9474-1A3956D46DE8}") = "src", "src", "{08BF8E6A-2316-4387-B8C6-7864285BB2FD}"
EndProject
Project("{2150E333-8FDC-42A3-9474-1A3956D46DE8}") = "tests", "tests", "{3D62E614-42AD-4B25-AFD7-260D6D17832C}"
EndProject
Project("{2150E333-8FDC-42A3-9474-1A3956D46DE8}") = "Domain", "Domain", "{3DC18411-9E70-42D7-AFD3-A20594153049}"
EndProject
Project("{9A19103F-16F7-4668-BE54-9A1E7A4F7556}") = "TB.Application", "src\Application\TB.Application\TB.Application.csproj", "{619EBFD7-05D0-411F-9010-B1267379FB2F}"
EndProject
Project("{9A19103F-16F7-4668-BE54-9A1E7A4F7556}") = "TB.Domain", "src\Domain\TB.Domain\TB.Domain.csproj", "{CAD5BAC5-30F0-4B1C-B1C3-67041F857D1E}"
EndProject
Project("{9A19103F-16F7-4668-BE54-9A1E7A4F7556}") = "TB.Infrastructure", "src\Infrastructure\TB.Infrastructure\TB.Infrastructure.csproj", "{AA0A7785-56BA-40CE-8696-9646C46093AA}"
EndProject
Project("{9A19103F-16F7-4668-BE54-9A1E7A4F7556}") = "TB.Persistence", "src\Persistence\TB.Persistence\TB.Persistence.csproj", "{0C6C44A3-FF43-4A8D-8DE1-6C31CD8C2C89}"
EndProject
Project("{9A19103F-16F7-4668-BE54-9A1E7A4F7556}") = "TB.Shared", "src\Shared\TB.Shared\TB.Shared.csproj", "{DF007960-187B-4405-8609-AF792338B306}"
EndProject
Project("{9A19103F-16F7-4668-BE54-9A1E7A4F7556}") = "TB.Mvc", "src\Web\TB.Mvc\TB.Mvc.csproj", "{069C8C8A-F177-4EA7-9FCC-0CC5198FE5EF}"
EndProject
Global
	GlobalSection(SolutionConfigurationPlatforms) = preSolution
		Debug|Any CPU = Debug|Any CPU
		Release|Any CPU = Release|Any CPU
	EndGlobalSection
	GlobalSection(ProjectConfigurationPlatforms) = postSolution
		{619EBFD7-05D0-411F-9010-B1267379FB2F}.Debug|Any CPU.ActiveCfg = Debug|Any CPU
		{619EBFD7-05D0-411F-9010-B1267379FB2F}.Debug|Any CPU.Build.0 = Debug|Any CPU
		{619EBFD7-05D0-411F-9010-B1267379FB2F}.Release|Any CPU.ActiveCfg = Release|Any CPU
		{619EBFD7-05D0-411F-9010-B1267379FB2F}.Release|Any CPU.Build.0 = Release|Any CPU
		{CAD5BAC5-30F0-4B1C-B1C3-67041F857D1E}.Debug|Any CPU.ActiveCfg = Debug|Any CPU
		{CAD5BAC5-30F0-4B1C-B1C3-67041F857D1E}.Debug|Any CPU.Build.0 = Debug|Any CPU
		{CAD5BAC5-30F0-4B1C-B1C3-67041F857D1E}.Release|Any CPU.ActiveCfg = Release|Any CPU
		{CAD5BAC5-30F0-4B1C-B1C3-67041F857D1E}.Release|Any CPU.Build.0 = Release|Any CPU
		{AA0A7785-56BA-40CE-8696-9646C46093AA}.Debug|Any CPU.ActiveCfg = Debug|Any CPU
		{AA0A7785-56BA-40CE-8696-9646C46093AA}.Debug|Any CPU.Build.0 = Debug|Any CPU
		{AA0A7785-56BA-40CE-8696-9646C46093AA}.Release|Any CPU.ActiveCfg = Release|Any CPU
		{AA0A7785-56BA-40CE-8696-9646C46093AA}.Release|Any CPU.Build.0 = Release|Any CPU
		{0C6C44A3-FF43-4A8D-8DE1-6C31CD8C2C89}.Debug|Any CPU.ActiveCfg = Debug|Any CPU
		{0C6C44A3-FF43-4A8D-8DE1-6C31CD8C2C89}.Debug|Any CPU.Build.0 = Debug|Any CPU
		{0C6C44A3-FF43-4A8D-8DE1-6C31CD8C2C89}.Release|Any CPU.ActiveCfg = Release|Any CPU
		{0C6C44A3-FF43-4A8D-8DE1-6C31CD8C2C89}.Release|Any CPU.Build.0 = Release|Any CPU
		{DF007960-187B-4405-8609-AF792338B306}.Debug|Any CPU.ActiveCfg = Debug|Any CPU
		{DF007960-187B-4405-8609-AF792338B306}.Debug|Any CPU.Build.0 = Debug|Any CPU
		{DF007960-187B-4405-8609-AF792338B306}.Release|Any CPU.ActiveCfg = Release|Any CPU
		{DF007960-187B-4405-8609-AF792338B306}.Release|Any CPU.Build.0 = Release|Any CPU
		{069C8C8A-F177-4EA7-9FCC-0CC5198FE5EF}.Debug|Any CPU.ActiveCfg = Debug|Any CPU
		{069C8C8A-F177-4EA7-9FCC-0CC5198FE5EF}.Debug|Any CPU.Build.0 = Debug|Any CPU
		{069C8C8A-F177-4EA7-9FCC-0CC5198FE5EF}.Release|Any CPU.ActiveCfg = Release|Any CPU
		{069C8C8A-F177-4EA7-9FCC-0CC5198FE5EF}.Release|Any CPU.Build.0 = Release|Any CPU
	EndGlobalSection
	GlobalSection(SolutionProperties) = preSolution
		HideSolutionNode = FALSE
	EndGlobalSection
	GlobalSection(NestedProjects) = preSolution
		{013993B1-D103-48CB-B2DA-93EEC613AFB4} = {08BF8E6A-2316-4387-B8C6-7864285BB2FD}
		{E2159865-B92F-4875-B879-CE3899A80A26} = {08BF8E6A-2316-4387-B8C6-7864285BB2FD}
		{A2679FD8-B0FD-4BAD-8E0B-E6930D80F313} = {08BF8E6A-2316-4387-B8C6-7864285BB2FD}
		{31272035-3A77-463C-8480-6BBA2967F217} = {08BF8E6A-2316-4387-B8C6-7864285BB2FD}
		{BCB1007B-46D3-4239-BF11-6BA6403C213A} = {08BF8E6A-2316-4387-B8C6-7864285BB2FD}
		{3DC18411-9E70-42D7-AFD3-A20594153049} = {08BF8E6A-2316-4387-B8C6-7864285BB2FD}
		{619EBFD7-05D0-411F-9010-B1267379FB2F} = {013993B1-D103-48CB-B2DA-93EEC613AFB4}
		{CAD5BAC5-30F0-4B1C-B1C3-67041F857D1E} = {3DC18411-9E70-42D7-AFD3-A20594153049}
		{AA0A7785-56BA-40CE-8696-9646C46093AA} = {E2159865-B92F-4875-B879-CE3899A80A26}
		{0C6C44A3-FF43-4A8D-8DE1-6C31CD8C2C89} = {A2679FD8-B0FD-4BAD-8E0B-E6930D80F313}
		{DF007960-187B-4405-8609-AF792338B306} = {31272035-3A77-463C-8480-6BBA2967F217}
		{069C8C8A-F177-4EA7-9FCC-0CC5198FE5EF} = {BCB1007B-46D3-4239-BF11-6BA6403C213A}
	EndGlobalSection
	GlobalSection(ExtensibilityGlobals) = postSolution
		SolutionGuid = {ADDB8DE4-FE35-40EA-A2FC-E6A74E612BF0}
	EndGlobalSection
EndGlobal
